version = 1
revision = 3
requires-python = ">=3.13"

[[package]]
name = "capitalbot"
version = "0.1.0"
source = { editable = "." }
dependencies = [
    { name = "clickhouse-connect" },
    { name = "comtypes" },
    { name = "numba" },
    { name = "pandas" },
    { name = "pyside6" },
    { name = "python-dotenv" },
    { name = "pywin32" },
    { name = "redis" },
    { name = "setuptools" },
]

[package.metadata]
requires-dist = [
    { name = "clickhouse-connect", specifier = ">=0.8.18" },
    { name = "comtypes", specifier = ">=1.4.11" },
    { name = "numba", specifier = ">=0.61.2" },
    { name = "pandas", specifier = ">=2.3.1" },
    { name = "pyside6", specifier = "==6.9.0" },
    { name = "python-dotenv", specifier = ">=1.1.1" },
    { name = "pywin32", specifier = ">=311" },
    { name = "redis", specifier = ">=6.4.0" },
    { name = "setuptools", specifier = ">=80.9.0" },
]

[[package]]
name = "certifi"
version = "2025.8.3"
source = { registry = "https://pypi.org/simple" }
sdist = { url = "https://files.pythonhosted.org/packages/dc/67/960ebe6bf230a96cda2e0abcf73af550ec4f090005363542f0765df162e0/certifi-2025.8.3.tar.gz", hash = "sha256:e564105f78ded564e3ae7c923924435e1daa7463faeab5bb932bc53ffae63407", size = 162386, upload-time = "2025-08-03T03:07:47.08Z" }
wheels = [
    { url = "https://files.pythonhosted.org/packages/e5/48/1549795ba7742c948d2ad169c1c8cdbae65bc450d6cd753d124b17c8cd32/certifi-2025.8.3-py3-none-any.whl", hash = "sha256:f6c12493cfb1b06ba2ff328595af9350c65d6644968e5d3a2ffd78699af217a5", size = 161216, upload-time = "2025-08-03T03:07:45.777Z" },
]

[[package]]
name = "clickhouse-connect"
version = "0.8.18"
source = { registry = "https://pypi.org/simple" }
dependencies = [
    { name = "certifi" },
    { name = "lz4" },
    { name = "pytz" },
    { name = "urllib3" },
    { name = "zstandard" },
]
sdist = { url = "https://files.pythonhosted.org/packages/2a/3d/a06d938d1efb94fdf8a343bbe1dc4ad2458aef08b9c69e0080d695ab24c1/clickhouse_connect-0.8.18.tar.gz", hash = "sha256:206a33decf2d9ed689d3156ef906dc06f1db7eabfe512e3552e08e9e86b4c73a", size = 91383, upload-time = "2025-06-24T19:08:08.903Z" }
wheels = [
    { url = "https://files.pythonhosted.org/packages/93/04/ad43f7ac57142c41d0eb33fca64400c61bfe30ae10af9c9f5c16201e2de9/clickhouse_connect-0.8.18-cp313-cp313-macosx_10_13_x86_64.whl", hash = "sha256:fbb56d86b6e26016e24a260a2280c9831736797cf8eda8594551e25fa91a1b0e", size = 259470, upload-time = "2025-06-24T19:07:08.475Z" },
    { url = "https://files.pythonhosted.org/packages/a2/f4/691829df8e5ec71a34293be1061a5d161a15948013f5bd022073033427c5/clickhouse_connect-0.8.18-cp313-cp313-macosx_11_0_arm64.whl", hash = "sha256:8e9b47475f82ad31c4981cb5284e6a7d9869dda7c295d69ba650011ec6b6c64e", size = 251140, upload-time = "2025-06-24T19:07:09.686Z" },
    { url = "https://files.pythonhosted.org/packages/42/64/554632a889a9e920904979725bb445cea0a51fb3cd0d1b89bebc098218eb/clickhouse_connect-0.8.18-cp313-cp313-manylinux_2_17_aarch64.manylinux2014_aarch64.whl", hash = "sha256:da68a0cece7a350d6ebeacc5934406c78c381d6bf6a598765d56f24b65b1ec85", size = 1041149, upload-time = "2025-06-24T19:07:11.249Z" },
    { url = "https://files.pythonhosted.org/packages/3b/bd/52b7c28edc817ceda499c3ef1eaafefcaf319c7cde7c80618d380c8c09ba/clickhouse_connect-0.8.18-cp313-cp313-manylinux_2_17_x86_64.manylinux2014_x86_64.whl", hash = "sha256:0036960dcb6bf88b262e9b461ddafb7597c0beb36700aab1e74dde64f02c8cfd", size = 1059571, upload-time = "2025-06-24T19:07:12.977Z" },
    { url = "https://files.pythonhosted.org/packages/5e/50/0ba93932f5096b49d1f04aa6859dcb659abbad957a7b5d9becd9b1d944df/clickhouse_connect-0.8.18-cp313-cp313-manylinux_2_5_i686.manylinux1_i686.manylinux_2_17_i686.manylinux2014_i686.whl", hash = "sha256:fcd291e920223edb3152bc4e7720b2b514b7a48fb18bb0c3346f66b2691add67", size = 1015179, upload-time = "2025-06-24T19:07:14.241Z" },
    { url = "https://files.pythonhosted.org/packages/3b/d8/ad0422135e359390986739a6fedbacdacc40f2ee58a03be6e7aee8cb68ad/clickhouse_connect-0.8.18-cp313-cp313-musllinux_1_2_aarch64.whl", hash = "sha256:ba1747a569b87f693d2c470faaaf83e02a24792c3533502f92b11ada672c2a6f", size = 1042200, upload-time = "2025-06-24T19:07:15.596Z" },
    { url = "https://files.pythonhosted.org/packages/d9/d2/93838044318e2a51008c43c64e5fddd611ae200ffaaf09a38e7f3fdaa708/clickhouse_connect-0.8.18-cp313-cp313-musllinux_1_2_i686.whl", hash = "sha256:63c9c1ab6899ff916f4751b1d7604b6e81c3a63f169ec538429be072905cf7c3", size = 1057602, upload-time = "2025-06-24T19:07:16.922Z" },
    { url = "https://files.pythonhosted.org/packages/25/24/da6aa82d26e4db72a20c88ceef076ae5cf1feb0f170ab05331e65bea27b0/clickhouse_connect-0.8.18-cp313-cp313-musllinux_1_2_x86_64.whl", hash = "sha256:38bdf84bbbb784ce1ffb813edc1ddc7622cea3cc6ca59f336f82c3365fed36ef", size = 1085044, upload-time = "2025-06-24T19:07:18.346Z" },
    { url = "https://files.pythonhosted.org/packages/97/63/a0540da4db8c8adc1a522615481568296edf7ae29cf8b261697d02627629/clickhouse_connect-0.8.18-cp313-cp313-win32.whl", hash = "sha256:252549ed7596baaf955699f7713ff171cb21292ea333ff01cc295d7bbf20a4d9", size = 228783, upload-time = "2025-06-24T19:07:19.599Z" },
    { url = "https://files.pythonhosted.org/packages/c1/4c/5e9b71b29eb28066c207cb0da6fb0bcc89f12d5ed2114085854cfa5f4fdf/clickhouse_connect-0.8.18-cp313-cp313-win_amd64.whl", hash = "sha256:a7915cdd844d083905b5fe4f9139c65aa033652a670986381dc2e2b885108266", size = 246541, upload-time = "2025-06-24T19:07:20.802Z" },
]

[[package]]
name = "comtypes"
version = "1.4.11"
source = { registry = "https://pypi.org/simple" }
sdist = { url = "https://files.pythonhosted.org/packages/3c/b9/4431119a640f568190499fd76fac4b4ccb5695659c4b3aac570329c150ea/comtypes-1.4.11.zip", hash = "sha256:0a4259370ec48b685fe4483b0944ba1df0aa45163922073fe9b7df1d187db09e", size = 272448, upload-time = "2025-05-14T23:32:11.608Z" }
wheels = [
    { url = "https://files.pythonhosted.org/packages/f1/f4/7b7fdbb613992013c4518a0bf8fee2915f79ec07bcfa6180569bca7fa8ef/comtypes-1.4.11-py3-none-any.whl", hash = "sha256:1760d5059ca7ca1d61b574c998378d879c271a86c41f88926619ea97497592bb", size = 246365, upload-time = "2025-05-14T23:32:10.427Z" },
]

[[package]]
name = "llvmlite"
version = "0.44.0"
source = { registry = "https://pypi.org/simple" }
sdist = { url = "https://files.pythonhosted.org/packages/89/6a/95a3d3610d5c75293d5dbbb2a76480d5d4eeba641557b69fe90af6c5b84e/llvmlite-0.44.0.tar.gz", hash = "sha256:07667d66a5d150abed9157ab6c0b9393c9356f229784a4385c02f99e94fc94d4", size = 171880, upload-time = "2025-01-20T11:14:41.342Z" }
wheels = [
    { url = "https://files.pythonhosted.org/packages/89/24/4c0ca705a717514c2092b18476e7a12c74d34d875e05e4d742618ebbf449/llvmlite-0.44.0-cp313-cp313-macosx_10_14_x86_64.whl", hash = "sha256:319bddd44e5f71ae2689859b7203080716448a3cd1128fb144fe5c055219d516", size = 28132306, upload-time = "2025-01-20T11:14:09.035Z" },
    { url = "https://files.pythonhosted.org/packages/01/cf/1dd5a60ba6aee7122ab9243fd614abcf22f36b0437cbbe1ccf1e3391461c/llvmlite-0.44.0-cp313-cp313-macosx_11_0_arm64.whl", hash = "sha256:9c58867118bad04a0bb22a2e0068c693719658105e40009ffe95c7000fcde88e", size = 26201090, upload-time = "2025-01-20T11:14:15.401Z" },
    { url = "https://files.pythonhosted.org/packages/d2/1b/656f5a357de7135a3777bd735cc7c9b8f23b4d37465505bd0eaf4be9befe/llvmlite-0.44.0-cp313-cp313-manylinux_2_17_x86_64.manylinux2014_x86_64.whl", hash = "sha256:46224058b13c96af1365290bdfebe9a6264ae62fb79b2b55693deed11657a8bf", size = 42361904, upload-time = "2025-01-20T11:14:22.949Z" },
    { url = "https://files.pythonhosted.org/packages/d8/e1/12c5f20cb9168fb3464a34310411d5ad86e4163c8ff2d14a2b57e5cc6bac/llvmlite-0.44.0-cp313-cp313-manylinux_2_27_aarch64.manylinux_2_28_aarch64.whl", hash = "sha256:aa0097052c32bf721a4efc03bd109d335dfa57d9bffb3d4c24cc680711b8b4fc", size = 41184245, upload-time = "2025-01-20T11:14:31.731Z" },
    { url = "https://files.pythonhosted.org/packages/d0/81/e66fc86539293282fd9cb7c9417438e897f369e79ffb62e1ae5e5154d4dd/llvmlite-0.44.0-cp313-cp313-win_amd64.whl", hash = "sha256:2fb7c4f2fb86cbae6dca3db9ab203eeea0e22d73b99bc2341cdf9de93612e930", size = 30331193, upload-time = "2025-01-20T11:14:38.578Z" },
]

[[package]]
name = "lz4"
version = "4.4.4"
source = { registry = "https://pypi.org/simple" }
sdist = { url = "https://files.pythonhosted.org/packages/c6/5a/945f5086326d569f14c84ac6f7fcc3229f0b9b1e8cc536b951fd53dfb9e1/lz4-4.4.4.tar.gz", hash = "sha256:070fd0627ec4393011251a094e08ed9fdcc78cb4e7ab28f507638eee4e39abda", size = 171884, upload-time = "2025-04-01T22:55:58.62Z" }
wheels = [
    { url = "https://files.pythonhosted.org/packages/3b/3c/d1d1b926d3688263893461e7c47ed7382a969a0976fc121fc678ec325fc6/lz4-4.4.4-cp313-cp313-macosx_10_13_x86_64.whl", hash = "sha256:ed6eb9f8deaf25ee4f6fad9625d0955183fdc90c52b6f79a76b7f209af1b6e54", size = 220678, upload-time = "2025-04-01T22:55:41.78Z" },
    { url = "https://files.pythonhosted.org/packages/26/89/8783d98deb058800dabe07e6cdc90f5a2a8502a9bad8c5343c641120ace2/lz4-4.4.4-cp313-cp313-macosx_11_0_arm64.whl", hash = "sha256:18ae4fe3bafb344dbd09f976d45cbf49c05c34416f2462828f9572c1fa6d5af7", size = 189670, upload-time = "2025-04-01T22:55:42.775Z" },
    { url = "https://files.pythonhosted.org/packages/22/ab/a491ace69a83a8914a49f7391e92ca0698f11b28d5ce7b2ececa2be28e9a/lz4-4.4.4-cp313-cp313-manylinux_2_17_aarch64.manylinux2014_aarch64.whl", hash = "sha256:57fd20c5fc1a49d1bbd170836fccf9a338847e73664f8e313dce6ac91b8c1e02", size = 1238746, upload-time = "2025-04-01T22:55:43.797Z" },
    { url = "https://files.pythonhosted.org/packages/97/12/a1f2f4fdc6b7159c0d12249456f9fe454665b6126e98dbee9f2bd3cf735c/lz4-4.4.4-cp313-cp313-manylinux_2_17_x86_64.manylinux2014_x86_64.whl", hash = "sha256:e9cb387c33f014dae4db8cb4ba789c8d2a0a6d045ddff6be13f6c8d9def1d2a6", size = 1265119, upload-time = "2025-04-01T22:55:44.943Z" },
    { url = "https://files.pythonhosted.org/packages/50/6e/e22e50f5207649db6ea83cd31b79049118305be67e96bec60becf317afc6/lz4-4.4.4-cp313-cp313-manylinux_2_5_i686.manylinux1_i686.manylinux_2_17_i686.manylinux2014_i686.whl", hash = "sha256:d0be9f68240231e1e44118a4ebfecd8a5d4184f0bdf5c591c98dd6ade9720afd", size = 1184954, upload-time = "2025-04-01T22:55:46.161Z" },
    { url = "https://files.pythonhosted.org/packages/4c/c4/2a458039645fcc6324ece731d4d1361c5daf960b553d1fcb4261ba07d51c/lz4-4.4.4-cp313-cp313-win32.whl", hash = "sha256:e9ec5d45ea43684f87c316542af061ef5febc6a6b322928f059ce1fb289c298a", size = 88289, upload-time = "2025-04-01T22:55:47.601Z" },
    { url = "https://files.pythonhosted.org/packages/00/96/b8e24ea7537ab418074c226279acfcaa470e1ea8271003e24909b6db942b/lz4-4.4.4-cp313-cp313-win_amd64.whl", hash = "sha256:a760a175b46325b2bb33b1f2bbfb8aa21b48e1b9653e29c10b6834f9bb44ead4", size = 99925, upload-time = "2025-04-01T22:55:48.463Z" },
    { url = "https://files.pythonhosted.org/packages/a5/a5/f9838fe6aa132cfd22733ed2729d0592259fff074cefb80f19aa0607367b/lz4-4.4.4-cp313-cp313-win_arm64.whl", hash = "sha256:f4c21648d81e0dda38b4720dccc9006ae33b0e9e7ffe88af6bf7d4ec124e2fba", size = 89743, upload-time = "2025-04-01T22:55:49.716Z" },
]

[[package]]
name = "numba"
version = "0.61.2"
source = { registry = "https://pypi.org/simple" }
dependencies = [
    { name = "llvmlite" },
    { name = "numpy" },
]
sdist = { url = "https://files.pythonhosted.org/packages/1c/a0/e21f57604304aa03ebb8e098429222722ad99176a4f979d34af1d1ee80da/numba-0.61.2.tar.gz", hash = "sha256:8750ee147940a6637b80ecf7f95062185ad8726c8c28a2295b8ec1160a196f7d", size = 2820615, upload-time = "2025-04-09T02:58:07.659Z" }
wheels = [
    { url = "https://files.pythonhosted.org/packages/0b/f3/0fe4c1b1f2569e8a18ad90c159298d862f96c3964392a20d74fc628aee44/numba-0.61.2-cp313-cp313-macosx_10_14_x86_64.whl", hash = "sha256:3a10a8fc9afac40b1eac55717cece1b8b1ac0b946f5065c89e00bde646b5b154", size = 2771785, upload-time = "2025-04-09T02:57:59.96Z" },
    { url = "https://files.pythonhosted.org/packages/e9/71/91b277d712e46bd5059f8a5866862ed1116091a7cb03bd2704ba8ebe015f/numba-0.61.2-cp313-cp313-macosx_11_0_arm64.whl", hash = "sha256:7d3bcada3c9afba3bed413fba45845f2fb9cd0d2b27dd58a1be90257e293d140", size = 2773289, upload-time = "2025-04-09T02:58:01.435Z" },
    { url = "https://files.pythonhosted.org/packages/0d/e0/5ea04e7ad2c39288c0f0f9e8d47638ad70f28e275d092733b5817cf243c9/numba-0.61.2-cp313-cp313-manylinux2014_x86_64.manylinux_2_17_x86_64.whl", hash = "sha256:bdbca73ad81fa196bd53dc12e3aaf1564ae036e0c125f237c7644fe64a4928ab", size = 3893918, upload-time = "2025-04-09T02:58:02.933Z" },
    { url = "https://files.pythonhosted.org/packages/17/58/064f4dcb7d7e9412f16ecf80ed753f92297e39f399c905389688cf950b81/numba-0.61.2-cp313-cp313-manylinux_2_28_aarch64.whl", hash = "sha256:5f154aaea625fb32cfbe3b80c5456d514d416fcdf79733dd69c0df3a11348e9e", size = 3584056, upload-time = "2025-04-09T02:58:04.538Z" },
    { url = "https://files.pythonhosted.org/packages/af/a4/6d3a0f2d3989e62a18749e1e9913d5fa4910bbb3e3311a035baea6caf26d/numba-0.61.2-cp313-cp313-win_amd64.whl", hash = "sha256:59321215e2e0ac5fa928a8020ab00b8e57cda8a97384963ac0dfa4d4e6aa54e7", size = 2831846, upload-time = "2025-04-09T02:58:06.125Z" },
]

[[package]]
name = "numpy"
version = "2.2.6"
source = { registry = "https://pypi.org/simple" }
sdist = { url = "https://files.pythonhosted.org/packages/76/21/7d2a95e4bba9dc13d043ee156a356c0a8f0c6309dff6b21b4d71a073b8a8/numpy-2.2.6.tar.gz", hash = "sha256:e29554e2bef54a90aa5cc07da6ce955accb83f21ab5de01a62c8478897b264fd", size = 20276440, upload-time = "2025-05-17T22:38:04.611Z" }
wheels = [
    { url = "https://files.pythonhosted.org/packages/f9/5c/6657823f4f594f72b5471f1db1ab12e26e890bb2e41897522d134d2a3e81/numpy-2.2.6-cp313-cp313-macosx_10_13_x86_64.whl", hash = "sha256:0811bb762109d9708cca4d0b13c4f67146e3c3b7cf8d34018c722adb2d957c84", size = 20867828, upload-time = "2025-05-17T21:37:56.699Z" },
    { url = "https://files.pythonhosted.org/packages/dc/9e/14520dc3dadf3c803473bd07e9b2bd1b69bc583cb2497b47000fed2fa92f/numpy-2.2.6-cp313-cp313-macosx_11_0_arm64.whl", hash = "sha256:287cc3162b6f01463ccd86be154f284d0893d2b3ed7292439ea97eafa8170e0b", size = 14143006, upload-time = "2025-05-17T21:38:18.291Z" },
    { url = "https://files.pythonhosted.org/packages/4f/06/7e96c57d90bebdce9918412087fc22ca9851cceaf5567a45c1f404480e9e/numpy-2.2.6-cp313-cp313-macosx_14_0_arm64.whl", hash = "sha256:f1372f041402e37e5e633e586f62aa53de2eac8d98cbfb822806ce4bbefcb74d", size = 5076765, upload-time = "2025-05-17T21:38:27.319Z" },
    { url = "https://files.pythonhosted.org/packages/73/ed/63d920c23b4289fdac96ddbdd6132e9427790977d5457cd132f18e76eae0/numpy-2.2.6-cp313-cp313-macosx_14_0_x86_64.whl", hash = "sha256:55a4d33fa519660d69614a9fad433be87e5252f4b03850642f88993f7b2ca566", size = 6617736, upload-time = "2025-05-17T21:38:38.141Z" },
    { url = "https://files.pythonhosted.org/packages/85/c5/e19c8f99d83fd377ec8c7e0cf627a8049746da54afc24ef0a0cb73d5dfb5/numpy-2.2.6-cp313-cp313-manylinux_2_17_aarch64.manylinux2014_aarch64.whl", hash = "sha256:f92729c95468a2f4f15e9bb94c432a9229d0d50de67304399627a943201baa2f", size = 14010719, upload-time = "2025-05-17T21:38:58.433Z" },
    { url = "https://files.pythonhosted.org/packages/19/49/4df9123aafa7b539317bf6d342cb6d227e49f7a35b99c287a6109b13dd93/numpy-2.2.6-cp313-cp313-manylinux_2_17_x86_64.manylinux2014_x86_64.whl", hash = "sha256:1bc23a79bfabc5d056d106f9befb8d50c31ced2fbc70eedb8155aec74a45798f", size = 16526072, upload-time = "2025-05-17T21:39:22.638Z" },
    { url = "https://files.pythonhosted.org/packages/b2/6c/04b5f47f4f32f7c2b0e7260442a8cbcf8168b0e1a41ff1495da42f42a14f/numpy-2.2.6-cp313-cp313-musllinux_1_2_aarch64.whl", hash = "sha256:e3143e4451880bed956e706a3220b4e5cf6172ef05fcc397f6f36a550b1dd868", size = 15503213, upload-time = "2025-05-17T21:39:45.865Z" },
    { url = "https://files.pythonhosted.org/packages/17/0a/5cd92e352c1307640d5b6fec1b2ffb06cd0dabe7d7b8227f97933d378422/numpy-2.2.6-cp313-cp313-musllinux_1_2_x86_64.whl", hash = "sha256:b4f13750ce79751586ae2eb824ba7e1e8dba64784086c98cdbbcc6a42112ce0d", size = 18316632, upload-time = "2025-05-17T21:40:13.331Z" },
    { url = "https://files.pythonhosted.org/packages/f0/3b/5cba2b1d88760ef86596ad0f3d484b1cbff7c115ae2429678465057c5155/numpy-2.2.6-cp313-cp313-win32.whl", hash = "sha256:5beb72339d9d4fa36522fc63802f469b13cdbe4fdab4a288f0c441b74272ebfd", size = 6244532, upload-time = "2025-05-17T21:43:46.099Z" },
    { url = "https://files.pythonhosted.org/packages/cb/3b/d58c12eafcb298d4e6d0d40216866ab15f59e55d148a5658bb3132311fcf/numpy-2.2.6-cp313-cp313-win_amd64.whl", hash = "sha256:b0544343a702fa80c95ad5d3d608ea3599dd54d4632df855e4c8d24eb6ecfa1c", size = 12610885, upload-time = "2025-05-17T21:44:05.145Z" },
    { url = "https://files.pythonhosted.org/packages/6b/9e/4bf918b818e516322db999ac25d00c75788ddfd2d2ade4fa66f1f38097e1/numpy-2.2.6-cp313-cp313t-macosx_10_13_x86_64.whl", hash = "sha256:0bca768cd85ae743b2affdc762d617eddf3bcf8724435498a1e80132d04879e6", size = 20963467, upload-time = "2025-05-17T21:40:44Z" },
    { url = "https://files.pythonhosted.org/packages/61/66/d2de6b291507517ff2e438e13ff7b1e2cdbdb7cb40b3ed475377aece69f9/numpy-2.2.6-cp313-cp313t-macosx_11_0_arm64.whl", hash = "sha256:fc0c5673685c508a142ca65209b4e79ed6740a4ed6b2267dbba90f34b0b3cfda", size = 14225144, upload-time = "2025-05-17T21:41:05.695Z" },
    { url = "https://files.pythonhosted.org/packages/e4/25/480387655407ead912e28ba3a820bc69af9adf13bcbe40b299d454ec011f/numpy-2.2.6-cp313-cp313t-macosx_14_0_arm64.whl", hash = "sha256:5bd4fc3ac8926b3819797a7c0e2631eb889b4118a9898c84f585a54d475b7e40", size = 5200217, upload-time = "2025-05-17T21:41:15.903Z" },
    { url = "https://files.pythonhosted.org/packages/aa/4a/6e313b5108f53dcbf3aca0c0f3e9c92f4c10ce57a0a721851f9785872895/numpy-2.2.6-cp313-cp313t-macosx_14_0_x86_64.whl", hash = "sha256:fee4236c876c4e8369388054d02d0e9bb84821feb1a64dd59e137e6511a551f8", size = 6712014, upload-time = "2025-05-17T21:41:27.321Z" },
    { url = "https://files.pythonhosted.org/packages/b7/30/172c2d5c4be71fdf476e9de553443cf8e25feddbe185e0bd88b096915bcc/numpy-2.2.6-cp313-cp313t-manylinux_2_17_aarch64.manylinux2014_aarch64.whl", hash = "sha256:e1dda9c7e08dc141e0247a5b8f49cf05984955246a327d4c48bda16821947b2f", size = 14077935, upload-time = "2025-05-17T21:41:49.738Z" },
    { url = "https://files.pythonhosted.org/packages/12/fb/9e743f8d4e4d3c710902cf87af3512082ae3d43b945d5d16563f26ec251d/numpy-2.2.6-cp313-cp313t-manylinux_2_17_x86_64.manylinux2014_x86_64.whl", hash = "sha256:f447e6acb680fd307f40d3da4852208af94afdfab89cf850986c3ca00562f4fa", size = 16600122, upload-time = "2025-05-17T21:42:14.046Z" },
    { url = "https://files.pythonhosted.org/packages/12/75/ee20da0e58d3a66f204f38916757e01e33a9737d0b22373b3eb5a27358f9/numpy-2.2.6-cp313-cp313t-musllinux_1_2_aarch64.whl", hash = "sha256:389d771b1623ec92636b0786bc4ae56abafad4a4c513d36a55dce14bd9ce8571", size = 15586143, upload-time = "2025-05-17T21:42:37.464Z" },
    { url = "https://files.pythonhosted.org/packages/76/95/bef5b37f29fc5e739947e9ce5179ad402875633308504a52d188302319c8/numpy-2.2.6-cp313-cp313t-musllinux_1_2_x86_64.whl", hash = "sha256:8e9ace4a37db23421249ed236fdcdd457d671e25146786dfc96835cd951aa7c1", size = 18385260, upload-time = "2025-05-17T21:43:05.189Z" },
    { url = "https://files.pythonhosted.org/packages/09/04/f2f83279d287407cf36a7a8053a5abe7be3622a4363337338f2585e4afda/numpy-2.2.6-cp313-cp313t-win32.whl", hash = "sha256:038613e9fb8c72b0a41f025a7e4c3f0b7a1b5d768ece4796b674c8f3fe13efff", size = 6377225, upload-time = "2025-05-17T21:43:16.254Z" },
    { url = "https://files.pythonhosted.org/packages/67/0e/35082d13c09c02c011cf21570543d202ad929d961c02a147493cb0c2bdf5/numpy-2.2.6-cp313-cp313t-win_amd64.whl", hash = "sha256:6031dd6dfecc0cf9f668681a37648373bddd6421fff6c66ec1624eed0180ee06", size = 12771374, upload-time = "2025-05-17T21:43:35.479Z" },
]

[[package]]
name = "pandas"
version = "2.3.1"
source = { registry = "https://pypi.org/simple" }
dependencies = [
    { name = "numpy" },
    { name = "python-dateutil" },
    { name = "pytz" },
    { name = "tzdata" },
]
sdist = { url = "https://files.pythonhosted.org/packages/d1/6f/75aa71f8a14267117adeeed5d21b204770189c0a0025acbdc03c337b28fc/pandas-2.3.1.tar.gz", hash = "sha256:0a95b9ac964fe83ce317827f80304d37388ea77616b1425f0ae41c9d2d0d7bb2", size = 4487493, upload-time = "2025-07-07T19:20:04.079Z" }
wheels = [
    { url = "https://files.pythonhosted.org/packages/32/ed/ff0a67a2c5505e1854e6715586ac6693dd860fbf52ef9f81edee200266e7/pandas-2.3.1-cp313-cp313-macosx_10_13_x86_64.whl", hash = "sha256:9026bd4a80108fac2239294a15ef9003c4ee191a0f64b90f170b40cfb7cf2d22", size = 11531393, upload-time = "2025-07-07T19:19:12.245Z" },
    { url = "https://files.pythonhosted.org/packages/c7/db/d8f24a7cc9fb0972adab0cc80b6817e8bef888cfd0024eeb5a21c0bb5c4a/pandas-2.3.1-cp313-cp313-macosx_11_0_arm64.whl", hash = "sha256:6de8547d4fdb12421e2d047a2c446c623ff4c11f47fddb6b9169eb98ffba485a", size = 10668750, upload-time = "2025-07-07T19:19:14.612Z" },
    { url = "https://files.pythonhosted.org/packages/0f/b0/80f6ec783313f1e2356b28b4fd8d2148c378370045da918c73145e6aab50/pandas-2.3.1-cp313-cp313-manylinux_2_17_aarch64.manylinux2014_aarch64.whl", hash = "sha256:782647ddc63c83133b2506912cc6b108140a38a37292102aaa19c81c83db2928", size = 11342004, upload-time = "2025-07-07T19:19:16.857Z" },
    { url = "https://files.pythonhosted.org/packages/e9/e2/20a317688435470872885e7fc8f95109ae9683dec7c50be29b56911515a5/pandas-2.3.1-cp313-cp313-manylinux_2_17_x86_64.manylinux2014_x86_64.whl", hash = "sha256:2ba6aff74075311fc88504b1db890187a3cd0f887a5b10f5525f8e2ef55bfdb9", size = 12050869, upload-time = "2025-07-07T19:19:19.265Z" },
    { url = "https://files.pythonhosted.org/packages/55/79/20d746b0a96c67203a5bee5fb4e00ac49c3e8009a39e1f78de264ecc5729/pandas-2.3.1-cp313-cp313-musllinux_1_2_aarch64.whl", hash = "sha256:e5635178b387bd2ba4ac040f82bc2ef6e6b500483975c4ebacd34bec945fda12", size = 12750218, upload-time = "2025-07-07T19:19:21.547Z" },
    { url = "https://files.pythonhosted.org/packages/7c/0f/145c8b41e48dbf03dd18fdd7f24f8ba95b8254a97a3379048378f33e7838/pandas-2.3.1-cp313-cp313-musllinux_1_2_x86_64.whl", hash = "sha256:6f3bf5ec947526106399a9e1d26d40ee2b259c66422efdf4de63c848492d91bb", size = 13416763, upload-time = "2025-07-07T19:19:23.939Z" },
    { url = "https://files.pythonhosted.org/packages/b2/c0/54415af59db5cdd86a3d3bf79863e8cc3fa9ed265f0745254061ac09d5f2/pandas-2.3.1-cp313-cp313-win_amd64.whl", hash = "sha256:1c78cf43c8fde236342a1cb2c34bcff89564a7bfed7e474ed2fffa6aed03a956", size = 10987482, upload-time = "2025-07-07T19:19:42.699Z" },
    { url = "https://files.pythonhosted.org/packages/48/64/2fd2e400073a1230e13b8cd604c9bc95d9e3b962e5d44088ead2e8f0cfec/pandas-2.3.1-cp313-cp313t-macosx_10_13_x86_64.whl", hash = "sha256:8dfc17328e8da77be3cf9f47509e5637ba8f137148ed0e9b5241e1baf526e20a", size = 12029159, upload-time = "2025-07-07T19:19:26.362Z" },
    { url = "https://files.pythonhosted.org/packages/d8/0a/d84fd79b0293b7ef88c760d7dca69828d867c89b6d9bc52d6a27e4d87316/pandas-2.3.1-cp313-cp313t-macosx_11_0_arm64.whl", hash = "sha256:ec6c851509364c59a5344458ab935e6451b31b818be467eb24b0fe89bd05b6b9", size = 11393287, upload-time = "2025-07-07T19:19:29.157Z" },
    { url = "https://files.pythonhosted.org/packages/50/ae/ff885d2b6e88f3c7520bb74ba319268b42f05d7e583b5dded9837da2723f/pandas-2.3.1-cp313-cp313t-manylinux_2_17_aarch64.manylinux2014_aarch64.whl", hash = "sha256:911580460fc4884d9b05254b38a6bfadddfcc6aaef856fb5859e7ca202e45275", size = 11309381, upload-time = "2025-07-07T19:19:31.436Z" },
    { url = "https://files.pythonhosted.org/packages/85/86/1fa345fc17caf5d7780d2699985c03dbe186c68fee00b526813939062bb0/pandas-2.3.1-cp313-cp313t-manylinux_2_17_x86_64.manylinux2014_x86_64.whl", hash = "sha256:2f4d6feeba91744872a600e6edbbd5b033005b431d5ae8379abee5bcfa479fab", size = 11883998, upload-time = "2025-07-07T19:19:34.267Z" },
    { url = "https://files.pythonhosted.org/packages/81/aa/e58541a49b5e6310d89474333e994ee57fea97c8aaa8fc7f00b873059bbf/pandas-2.3.1-cp313-cp313t-musllinux_1_2_aarch64.whl", hash = "sha256:fe37e757f462d31a9cd7580236a82f353f5713a80e059a29753cf938c6775d96", size = 12704705, upload-time = "2025-07-07T19:19:36.856Z" },
    { url = "https://files.pythonhosted.org/packages/d5/f9/07086f5b0f2a19872554abeea7658200824f5835c58a106fa8f2ae96a46c/pandas-2.3.1-cp313-cp313t-musllinux_1_2_x86_64.whl", hash = "sha256:5db9637dbc24b631ff3707269ae4559bce4b7fd75c1c4d7e13f40edc42df4444", size = 13189044, upload-time = "2025-07-07T19:19:39.999Z" },
]

[[package]]
name = "pyside6"
version = "6.9.0"
source = { registry = "https://pypi.org/simple" }
dependencies = [
    { name = "pyside6-addons" },
    { name = "pyside6-essentials" },
    { name = "shiboken6" },
]
wheels = [
    { url = "https://files.pythonhosted.org/packages/46/74/0b465aa77644cfc3bfde912bb999b5a441d92c699272cab722335e92df3e/PySide6-6.9.0-cp39-abi3-macosx_12_0_universal2.whl", hash = "sha256:b8f286a1bd143f3b2bdf08367b9362b13f469d26986c25700af9c4c68f79213e", size = 558001, upload-time = "2025-04-02T10:56:35.197Z" },
    { url = "https://files.pythonhosted.org/packages/91/53/ce78d2c279a4ed7d4baf5089a5ebff45d675670a42daa5e0f8dbb9ced6ed/PySide6-6.9.0-cp39-abi3-manylinux_2_28_x86_64.whl", hash = "sha256:09239d1b808f18efccd3803db874d683917efcdebfdf0e8dec449cf50e74e7aa", size = 558139, upload-time = "2025-04-02T10:56:37.029Z" },
    { url = "https://files.pythonhosted.org/packages/4b/54/41d6ab0847c043f1fd96433a87ffd09a7cf17e11f5587e91e152777ec010/PySide6-6.9.0-cp39-abi3-manylinux_2_39_aarch64.whl", hash = "sha256:1a176409dd0dd12b72d2c78b776e5051f569071ec52b7aaadd0a5b3333493c24", size = 558139, upload-time = "2025-04-02T10:56:38.519Z" },
    { url = "https://files.pythonhosted.org/packages/63/03/55a632191beadd6bc59b04055961e2c3224a3475a906a63d1899a5ab493d/PySide6-6.9.0-cp39-abi3-win_amd64.whl", hash = "sha256:0103e5d161696db40d75bfbf4e4b7d4f3372903c1b400c4e3379377b62c50290", size = 564479, upload-time = "2025-04-02T10:56:40.69Z" },
    { url = "https://files.pythonhosted.org/packages/e8/80/340523ecb17d2a168d7e37dfd8a7a0eebb81dcbec4870447f132f2a1a28e/PySide6-6.9.0-cp39-abi3-win_arm64.whl", hash = "sha256:846fbccf0b3501eb31cf0791a46e137615efba6ce540da2b426d79fa3e7762c4", size = 401752, upload-time = "2025-04-02T10:56:42.175Z" },
]

[[package]]
name = "pyside6-addons"
version = "6.9.0"
source = { registry = "https://pypi.org/simple" }
dependencies = [
    { name = "pyside6-essentials" },
    { name = "shiboken6" },
]
wheels = [
    { url = "https://files.pythonhosted.org/packages/e8/a4/211077b3f30342827b2c543f80a5f6bc483ff3af6be99766984618e68fb6/PySide6_Addons-6.9.0-cp39-abi3-macosx_12_0_universal2.whl", hash = "sha256:98f9ad4b65820736e12d49c18db2e570eac63727407fbb59a62ac753e89dc201", size = 315606763, upload-time = "2025-04-02T10:56:56.271Z" },
    { url = "https://files.pythonhosted.org/packages/58/c1/21224090a7ee7e9ce5699e5bf16b84d576b7587f0712ccb6862a8b28476c/PySide6_Addons-6.9.0-cp39-abi3-manylinux_2_28_x86_64.whl", hash = "sha256:fc9dcd63a0ce7565f238cb11c44494435a50eb6cb72b8dbce3b709618989c3dc", size = 166252767, upload-time = "2025-04-02T10:57:11.175Z" },
    { url = "https://files.pythonhosted.org/packages/85/c3/add4948cf15648db542531a5c292f9de946ee288243730be7607499936ec/PySide6_Addons-6.9.0-cp39-abi3-manylinux_2_39_aarch64.whl", hash = "sha256:d8a650644e0b9d1e7a092f6bcd11f25a63706d12f77d442b6ace75d346ab5d30", size = 161938789, upload-time = "2025-04-02T10:57:22.898Z" },
    { url = "https://files.pythonhosted.org/packages/77/c0/b1718f62d1fcc9bac4c410d4150d7e1214235e73cc18f39dc36ad49f093f/PySide6_Addons-6.9.0-cp39-abi3-win_amd64.whl", hash = "sha256:8cf54065b3d1b4698448fad825378a25c10ef52017d9dff48cead03200636d8d", size = 142994491, upload-time = "2025-04-02T10:57:34.865Z" },
    { url = "https://files.pythonhosted.org/packages/29/aa/810ceb3d111fa6a0cc865520e05198dd0cad4855558c8c8309d4d3852854/PySide6_Addons-6.9.0-cp39-abi3-win_arm64.whl", hash = "sha256:260a56da59539f476c1635a3ff13591e10f1b04d92155c0617129bc53ca8b5f8", size = 26840861, upload-time = "2025-04-02T10:57:41.312Z" },
]

[[package]]
name = "pyside6-essentials"
version = "6.9.0"
source = { registry = "https://pypi.org/simple" }
dependencies = [
    { name = "shiboken6" },
]
wheels = [
    { url = "https://files.pythonhosted.org/packages/98/ac/a3c8097d6fdcf414d961bdc0d532381d0ee141e4c699f5e2b881a7c3613f/PySide6_Essentials-6.9.0-cp39-abi3-macosx_12_0_universal2.whl", hash = "sha256:b18e3e01b507e8a57481fe19792eb373d5f10a23a50702ce540da1435e722f39", size = 131981893, upload-time = "2025-04-02T10:57:49.618Z" },
    { url = "https://files.pythonhosted.org/packages/9e/fd/46b713827007162de9108b22d01702868e75f31585da7eca5a79e3435590/PySide6_Essentials-6.9.0-cp39-abi3-manylinux_2_28_x86_64.whl", hash = "sha256:45eaf7f17688d1991f39680dbfd3c41674f3cbb78f278aa10fe0b5f2f31c1989", size = 94232483, upload-time = "2025-04-02T10:57:58.879Z" },
    { url = "https://files.pythonhosted.org/packages/ff/f1/72e1d400017a658e271594c8bd9c447c623dfd4fb936f4e043a4f9a8c93b/PySide6_Essentials-6.9.0-cp39-abi3-manylinux_2_39_aarch64.whl", hash = "sha256:69aedfad77119c5bec0005ca31d5620e9bac8ba5ae66c7389160530cfd698ed8", size = 92102516, upload-time = "2025-04-02T10:58:06.598Z" },
    { url = "https://files.pythonhosted.org/packages/96/8a/bc710350c4cf6894968e39970eaa613b85a82eb1f230052de597e44a00ac/PySide6_Essentials-6.9.0-cp39-abi3-win_amd64.whl", hash = "sha256:94a0096d6bb1d3e5cef29ca4a5366d0f229d42480fbb17aa25ad85d72b1b7947", size = 72336994, upload-time = "2025-04-02T10:58:14.491Z" },
    { url = "https://files.pythonhosted.org/packages/49/a4/703e379a0979985f681cf04b9af4129f5dde20141b3cc64fc2a39d006614/PySide6_Essentials-6.9.0-cp39-abi3-win_arm64.whl", hash = "sha256:d2dc45536f2269ad111991042e81257124f1cd1c9ed5ea778d7224fd65dc9e2b", size = 49449220, upload-time = "2025-04-02T10:58:21.192Z" },
]

[[package]]
name = "python-dateutil"
version = "2.9.0.post0"
source = { registry = "https://pypi.org/simple" }
dependencies = [
    { name = "six" },
]
sdist = { url = "https://files.pythonhosted.org/packages/66/c0/0c8b6ad9f17a802ee498c46e004a0eb49bc148f2fd230864601a86dcf6db/python-dateutil-2.9.0.post0.tar.gz", hash = "sha256:37dd54208da7e1cd875388217d5e00ebd4179249f90fb72437e91a35459a0ad3", size = 342432, upload-time = "2024-03-01T18:36:20.211Z" }
wheels = [
    { url = "https://files.pythonhosted.org/packages/ec/57/56b9bcc3c9c6a792fcbaf139543cee77261f3651ca9da0c93f5c1221264b/python_dateutil-2.9.0.post0-py2.py3-none-any.whl", hash = "sha256:a8b2bc7bffae282281c8140a97d3aa9c14da0b136dfe83f850eea9a5f7470427", size = 229892, upload-time = "2024-03-01T18:36:18.57Z" },
]

[[package]]
name = "python-dotenv"
version = "1.1.1"
source = { registry = "https://pypi.org/simple" }
sdist = { url = "https://files.pythonhosted.org/packages/f6/b0/4bc07ccd3572a2f9df7e6782f52b0c6c90dcbb803ac4a167702d7d0dfe1e/python_dotenv-1.1.1.tar.gz", hash = "sha256:a8a6399716257f45be6a007360200409fce5cda2661e3dec71d23dc15f6189ab", size = 41978, upload-time = "2025-06-24T04:21:07.341Z" }
wheels = [
    { url = "https://files.pythonhosted.org/packages/5f/ed/539768cf28c661b5b068d66d96a2f155c4971a5d55684a514c1a0e0dec2f/python_dotenv-1.1.1-py3-none-any.whl", hash = "sha256:31f23644fe2602f88ff55e1f5c79ba497e01224ee7737937930c448e4d0e24dc", size = 20556, upload-time = "2025-06-24T04:21:06.073Z" },
]

[[package]]
name = "pytz"
version = "2025.2"
source = { registry = "https://pypi.org/simple" }
sdist = { url = "https://files.pythonhosted.org/packages/f8/bf/abbd3cdfb8fbc7fb3d4d38d320f2441b1e7cbe29be4f23797b4a2b5d8aac/pytz-2025.2.tar.gz", hash = "sha256:360b9e3dbb49a209c21ad61809c7fb453643e048b38924c765813546746e81c3", size = 320884, upload-time = "2025-03-25T02:25:00.538Z" }
wheels = [
    { url = "https://files.pythonhosted.org/packages/81/c4/34e93fe5f5429d7570ec1fa436f1986fb1f00c3e0f43a589fe2bbcd22c3f/pytz-2025.2-py2.py3-none-any.whl", hash = "sha256:5ddf76296dd8c44c26eb8f4b6f35488f3ccbf6fbbd7adee0b7262d43f0ec2f00", size = 509225, upload-time = "2025-03-25T02:24:58.468Z" },
]

[[package]]
name = "pywin32"
version = "311"
source = { registry = "https://pypi.org/simple" }
wheels = [
    { url = "https://files.pythonhosted.org/packages/a5/be/3fd5de0979fcb3994bfee0d65ed8ca9506a8a1260651b86174f6a86f52b3/pywin32-311-cp313-cp313-win32.whl", hash = "sha256:f95ba5a847cba10dd8c4d8fefa9f2a6cf283b8b88ed6178fa8a6c1ab16054d0d", size = 8705700, upload-time = "2025-07-14T20:13:26.471Z" },
    { url = "https://files.pythonhosted.org/packages/e3/28/e0a1909523c6890208295a29e05c2adb2126364e289826c0a8bc7297bd5c/pywin32-311-cp313-cp313-win_amd64.whl", hash = "sha256:718a38f7e5b058e76aee1c56ddd06908116d35147e133427e59a3983f703a20d", size = 9494700, upload-time = "2025-07-14T20:13:28.243Z" },
    { url = "https://files.pythonhosted.org/packages/04/bf/90339ac0f55726dce7d794e6d79a18a91265bdf3aa70b6b9ca52f35e022a/pywin32-311-cp313-cp313-win_arm64.whl", hash = "sha256:7b4075d959648406202d92a2310cb990fea19b535c7f4a78d3f5e10b926eeb8a", size = 8709318, upload-time = "2025-07-14T20:13:30.348Z" },
    { url = "https://files.pythonhosted.org/packages/c9/31/097f2e132c4f16d99a22bfb777e0fd88bd8e1c634304e102f313af69ace5/pywin32-311-cp314-cp314-win32.whl", hash = "sha256:b7a2c10b93f8986666d0c803ee19b5990885872a7de910fc460f9b0c2fbf92ee", size = 8840714, upload-time = "2025-07-14T20:13:32.449Z" },
    { url = "https://files.pythonhosted.org/packages/90/4b/07c77d8ba0e01349358082713400435347df8426208171ce297da32c313d/pywin32-311-cp314-cp314-win_amd64.whl", hash = "sha256:3aca44c046bd2ed8c90de9cb8427f581c479e594e99b5c0bb19b29c10fd6cb87", size = 9656800, upload-time = "2025-07-14T20:13:34.312Z" },
    { url = "https://files.pythonhosted.org/packages/c0/d2/21af5c535501a7233e734b8af901574572da66fcc254cb35d0609c9080dd/pywin32-311-cp314-cp314-win_arm64.whl", hash = "sha256:a508e2d9025764a8270f93111a970e1d0fbfc33f4153b388bb649b7eec4f9b42", size = 8932540, upload-time = "2025-07-14T20:13:36.379Z" },
]

[[package]]
name = "redis"
version = "6.4.0"
source = { registry = "https://pypi.org/simple" }
sdist = { url = "https://files.pythonhosted.org/packages/0d/d6/e8b92798a5bd67d659d51a18170e91c16ac3b59738d91894651ee255ed49/redis-6.4.0.tar.gz", hash = "sha256:b01bc7282b8444e28ec36b261df5375183bb47a07eb9c603f284e89cbc5ef010", size = 4647399, upload-time = "2025-08-07T08:10:11.441Z" }
wheels = [
    { url = "https://files.pythonhosted.org/packages/e8/02/89e2ed7e85db6c93dfa9e8f691c5087df4e3551ab39081a4d7c6d1f90e05/redis-6.4.0-py3-none-any.whl", hash = "sha256:f0544fa9604264e9464cdf4814e7d4830f74b165d52f2a330a760a88dd248b7f", size = 279847, upload-time = "2025-08-07T08:10:09.84Z" },
]

[[package]]
name = "setuptools"
version = "80.9.0"
source = { registry = "https://pypi.org/simple" }
sdist = { url = "https://files.pythonhosted.org/packages/18/5d/3bf57dcd21979b887f014ea83c24ae194cfcd12b9e0fda66b957c69d1fca/setuptools-80.9.0.tar.gz", hash = "sha256:f36b47402ecde768dbfafc46e8e4207b4360c654f1f3bb84475f0a28628fb19c", size = 1319958, upload-time = "2025-05-27T00:56:51.443Z" }
wheels = [
    { url = "https://files.pythonhosted.org/packages/a3/dc/17031897dae0efacfea57dfd3a82fdd2a2aeb58e0ff71b77b87e44edc772/setuptools-80.9.0-py3-none-any.whl", hash = "sha256:062d34222ad13e0cc312a4c02d73f059e86a4acbfbdea8f8f76b28c99f306922", size = 1201486, upload-time = "2025-05-27T00:56:49.664Z" },
]

[[package]]
name = "shiboken6"
version = "6.9.0"
source = { registry = "https://pypi.org/simple" }
wheels = [
    { url = "https://files.pythonhosted.org/packages/be/85/97b36b045a233bcea9580e8c99d5c76d65cf9727dad8cb173527f6717471/shiboken6-6.9.0-cp39-abi3-macosx_12_0_universal2.whl", hash = "sha256:c4d8e3a5907154ac4789e52c77957db95bcf584238c244d7743cb39e9b66dd26", size = 407067, upload-time = "2025-04-02T10:58:43.491Z" },
    { url = "https://files.pythonhosted.org/packages/45/d3/f6ddef22d4f2ac11c079157ad3714d9b1fb9324d9cd3b200f824923fe2ba/shiboken6-6.9.0-cp39-abi3-manylinux_2_28_x86_64.whl", hash = "sha256:3f585caae5b814a7e23308db0a077355a7dc20c34d58ca4c339ff7625e9a1936", size = 206509, upload-time = "2025-04-02T10:58:44.905Z" },
    { url = "https://files.pythonhosted.org/packages/0d/59/6a91aad272fe89bf2293b7864fb6e926822c93a2f6192611528c6945196d/shiboken6-6.9.0-cp39-abi3-manylinux_2_39_aarch64.whl", hash = "sha256:b61579b90bf9c53ecc174085a69429166dfe57a0b8b894f933d1281af9df6568", size = 202809, upload-time = "2025-04-02T10:58:46.667Z" },
    { url = "https://files.pythonhosted.org/packages/e2/6e/cf00d723ab141132fb6d35ba8faf109cbc0ee83412016343600abb423149/shiboken6-6.9.0-cp39-abi3-win_amd64.whl", hash = "sha256:121ea290ed1afa5ad6abf690b377612693436292b69c61b0f8e10b1f0850f935", size = 1153132, upload-time = "2025-04-02T10:58:50.973Z" },
    { url = "https://files.pythonhosted.org/packages/b5/01/d59babab05786c99ebabdd152864ea3d4c500160979952c620eec68b1ff2/shiboken6-6.9.0-cp39-abi3-win_arm64.whl", hash = "sha256:24f53857458881b54798d7e35704611d07f6b6885bcdf80f13a4c8bb485b8df2", size = 1831261, upload-time = "2025-04-02T10:58:52.789Z" },
]

[[package]]
name = "six"
version = "1.17.0"
source = { registry = "https://pypi.org/simple" }
sdist = { url = "https://files.pythonhosted.org/packages/94/e7/b2c673351809dca68a0e064b6af791aa332cf192da575fd474ed7d6f16a2/six-1.17.0.tar.gz", hash = "sha256:ff70335d468e7eb6ec65b95b99d3a2836546063f63acc5171de367e834932a81", size = 34031, upload-time = "2024-12-04T17:35:28.174Z" }
wheels = [
    { url = "https://files.pythonhosted.org/packages/b7/ce/149a00dd41f10bc29e5921b496af8b574d8413afcd5e30dfa0ed46c2cc5e/six-1.17.0-py2.py3-none-any.whl", hash = "sha256:4721f391ed90541fddacab5acf947aa0d3dc7d27b2e1e8eda2be8970586c3274", size = 11050, upload-time = "2024-12-04T17:35:26.475Z" },
]

[[package]]
name = "tzdata"
version = "2025.2"
source = { registry = "https://pypi.org/simple" }
sdist = { url = "https://files.pythonhosted.org/packages/95/32/1a225d6164441be760d75c2c42e2780dc0873fe382da3e98a2e1e48361e5/tzdata-2025.2.tar.gz", hash = "sha256:b60a638fcc0daffadf82fe0f57e53d06bdec2f36c4df66280ae79bce6bd6f2b9", size = 196380, upload-time = "2025-03-23T13:54:43.652Z" }
wheels = [
    { url = "https://files.pythonhosted.org/packages/5c/23/c7abc0ca0a1526a0774eca151daeb8de62ec457e77262b66b359c3c7679e/tzdata-2025.2-py2.py3-none-any.whl", hash = "sha256:1a403fada01ff9221ca8044d701868fa132215d84beb92242d9acd2147f667a8", size = 347839, upload-time = "2025-03-23T13:54:41.845Z" },
]

[[package]]
name = "urllib3"
version = "2.5.0"
source = { registry = "https://pypi.org/simple" }
sdist = { url = "https://files.pythonhosted.org/packages/15/22/9ee70a2574a4f4599c47dd506532914ce044817c7752a79b6a51286319bc/urllib3-2.5.0.tar.gz", hash = "sha256:3fc47733c7e419d4bc3f6b3dc2b4f890bb743906a30d56ba4a5bfa4bbff92760", size = 393185, upload-time = "2025-06-18T14:07:41.644Z" }
wheels = [
    { url = "https://files.pythonhosted.org/packages/a7/c2/fe1e52489ae3122415c51f387e221dd0773709bad6c6cdaa599e8a2c5185/urllib3-2.5.0-py3-none-any.whl", hash = "sha256:e6b01673c0fa6a13e374b50871808eb3bf7046c4b125b216f6bf1cc604cff0dc", size = 129795, upload-time = "2025-06-18T14:07:40.39Z" },
]

[[package]]
name = "zstandard"
version = "0.24.0"
source = { registry = "https://pypi.org/simple" }
sdist = { url = "https://files.pythonhosted.org/packages/09/1b/c20b2ef1d987627765dcd5bf1dadb8ef6564f00a87972635099bb76b7a05/zstandard-0.24.0.tar.gz", hash = "sha256:fe3198b81c00032326342d973e526803f183f97aa9e9a98e3f897ebafe21178f", size = 905681, upload-time = "2025-08-17T18:36:36.352Z" }
wheels = [
    { url = "https://files.pythonhosted.org/packages/ec/ef/db949de3bf81ed122b8ee4db6a8d147a136fe070e1015f5a60d8a3966748/zstandard-0.24.0-cp313-cp313-macosx_10_13_x86_64.whl", hash = "sha256:e4ebb000c0fe24a6d0f3534b6256844d9dbf042fdf003efe5cf40690cf4e0f3e", size = 795700, upload-time = "2025-08-17T18:22:50.851Z" },
    { url = "https://files.pythonhosted.org/packages/99/56/fc04395d6f5eabd2fe6d86c0800d198969f3038385cb918bfbe94f2b0c62/zstandard-0.24.0-cp313-cp313-macosx_11_0_arm64.whl", hash = "sha256:498f88f5109666c19531f0243a90d2fdd2252839cd6c8cc6e9213a3446670fa8", size = 640343, upload-time = "2025-08-17T18:22:51.999Z" },
    { url = "https://files.pythonhosted.org/packages/9b/0f/0b0e0d55f2f051d5117a0d62f4f9a8741b3647440c0ee1806b7bd47ed5ae/zstandard-0.24.0-cp313-cp313-manylinux2010_i686.manylinux2014_i686.manylinux_2_12_i686.manylinux_2_17_i686.whl", hash = "sha256:0a9e95ceb180ccd12a8b3437bac7e8a8a089c9094e39522900a8917745542184", size = 5342571, upload-time = "2025-08-17T18:22:53.734Z" },
    { url = "https://files.pythonhosted.org/packages/5d/43/d74e49f04fbd62d4b5d89aeb7a29d693fc637c60238f820cd5afe6ca8180/zstandard-0.24.0-cp313-cp313-manylinux2014_aarch64.manylinux_2_17_aarch64.whl", hash = "sha256:bcf69e0bcddbf2adcfafc1a7e864edcc204dd8171756d3a8f3340f6f6cc87b7b", size = 5062723, upload-time = "2025-08-17T18:22:55.624Z" },
    { url = "https://files.pythonhosted.org/packages/8e/97/df14384d4d6a004388e6ed07ded02933b5c7e0833a9150c57d0abc9545b7/zstandard-0.24.0-cp313-cp313-manylinux2014_ppc64le.manylinux_2_17_ppc64le.whl", hash = "sha256:10e284748a7e7fbe2815ca62a9d6e84497d34cfdd0143fa9e8e208efa808d7c4", size = 5393282, upload-time = "2025-08-17T18:22:57.655Z" },
    { url = "https://files.pythonhosted.org/packages/7e/09/8f5c520e59a4d41591b30b7568595eda6fd71c08701bb316d15b7ed0613a/zstandard-0.24.0-cp313-cp313-manylinux2014_s390x.manylinux_2_17_s390x.whl", hash = "sha256:1bda8a85e5b9d5e73af2e61b23609a8cc1598c1b3b2473969912979205a1ff25", size = 5450895, upload-time = "2025-08-17T18:22:59.749Z" },
    { url = "https://files.pythonhosted.org/packages/d9/3d/02aba892327a67ead8cba160ee835cfa1fc292a9dcb763639e30c07da58b/zstandard-0.24.0-cp313-cp313-manylinux2014_x86_64.manylinux_2_17_x86_64.whl", hash = "sha256:1b14bc92af065d0534856bf1b30fc48753163ea673da98857ea4932be62079b1", size = 5546353, upload-time = "2025-08-17T18:23:01.457Z" },
    { url = "https://files.pythonhosted.org/packages/6a/6e/96c52afcde44da6a5313a1f6c356349792079808f12d8b69a7d1d98ef353/zstandard-0.24.0-cp313-cp313-musllinux_1_1_aarch64.whl", hash = "sha256:b4f20417a4f511c656762b001ec827500cbee54d1810253c6ca2df2c0a307a5f", size = 5046404, upload-time = "2025-08-17T18:23:03.418Z" },
    { url = "https://files.pythonhosted.org/packages/da/b6/eefee6b92d341a7db7cd1b3885d42d30476a093720fb5c181e35b236d695/zstandard-0.24.0-cp313-cp313-musllinux_1_1_x86_64.whl", hash = "sha256:337572a7340e1d92fd7fb5248c8300d0e91071002d92e0b8cabe8d9ae7b58159", size = 5576095, upload-time = "2025-08-17T18:23:05.331Z" },
    { url = "https://files.pythonhosted.org/packages/a3/29/743de3131f6239ba6611e17199581e6b5e0f03f268924d42468e29468ca0/zstandard-0.24.0-cp313-cp313-musllinux_1_2_aarch64.whl", hash = "sha256:df4be1cf6e8f0f2bbe2a3eabfff163ef592c84a40e1a20a8d7db7f27cfe08fc2", size = 4953448, upload-time = "2025-08-17T18:23:07.225Z" },
    { url = "https://files.pythonhosted.org/packages/c9/11/bd36ef49fba82e307d69d93b5abbdcdc47d6a0bcbc7ffbbfe0ef74c2fec5/zstandard-0.24.0-cp313-cp313-musllinux_1_2_i686.whl", hash = "sha256:6885ae4b33aee8835dbdb4249d3dfec09af55e705d74d9b660bfb9da51baaa8b", size = 5267388, upload-time = "2025-08-17T18:23:09.127Z" },
    { url = "https://files.pythonhosted.org/packages/c0/23/a4cfe1b871d3f1ce1f88f5c68d7e922e94be0043f3ae5ed58c11578d1e21/zstandard-0.24.0-cp313-cp313-musllinux_1_2_ppc64le.whl", hash = "sha256:663848a8bac4fdbba27feea2926049fdf7b55ec545d5b9aea096ef21e7f0b079", size = 5433383, upload-time = "2025-08-17T18:23:11.343Z" },
    { url = "https://files.pythonhosted.org/packages/77/26/f3fb85f00e732cca617d4b9cd1ffa6484f613ea07fad872a8bdc3a0ce753/zstandard-0.24.0-cp313-cp313-musllinux_1_2_s390x.whl", hash = "sha256:05d27c953f2e0a3ecc8edbe91d6827736acc4c04d0479672e0400ccdb23d818c", size = 5813988, upload-time = "2025-08-17T18:23:13.194Z" },
    { url = "https://files.pythonhosted.org/packages/3d/8c/d7e3b424b73f3ce66e754595cbcb6d94ff49790c9ac37d50e40e8145cd44/zstandard-0.24.0-cp313-cp313-musllinux_1_2_x86_64.whl", hash = "sha256:77b8b7b98893eaf47da03d262816f01f251c2aa059c063ed8a45c50eada123a5", size = 5359756, upload-time = "2025-08-17T18:23:15.021Z" },
    { url = "https://files.pythonhosted.org/packages/90/6c/f1f0e11f1b295138f9da7e7ae22dcd9a1bb96a9544fa3b31507e431288f5/zstandard-0.24.0-cp313-cp313-win32.whl", hash = "sha256:cf7fbb4e54136e9a03c7ed7691843c4df6d2ecc854a2541f840665f4f2bb2edd", size = 435957, upload-time = "2025-08-17T18:23:18.835Z" },
    { url = "https://files.pythonhosted.org/packages/9f/03/ab8b82ae5eb49eca4d3662705399c44442666cc1ce45f44f2d263bb1ae31/zstandard-0.24.0-cp313-cp313-win_amd64.whl", hash = "sha256:d64899cc0f33a8f446f1e60bffc21fa88b99f0e8208750d9144ea717610a80ce", size = 505171, upload-time = "2025-08-17T18:23:16.44Z" },
    { url = "https://files.pythonhosted.org/packages/db/12/89a2ecdea4bc73a934a30b66a7cfac5af352beac94d46cf289e103b65c34/zstandard-0.24.0-cp313-cp313-win_arm64.whl", hash = "sha256:57be3abb4313e0dd625596376bbb607f40059d801d51c1a1da94d7477e63b255", size = 461596, upload-time = "2025-08-17T18:23:17.603Z" },
    { url = "https://files.pythonhosted.org/packages/c9/56/f3d2c4d64aacee4aab89e788783636884786b6f8334c819f09bff1aa207b/zstandard-0.24.0-cp314-cp314-macosx_10_13_x86_64.whl", hash = "sha256:b7fa260dd2731afd0dfa47881c30239f422d00faee4b8b341d3e597cface1483", size = 795747, upload-time = "2025-08-17T18:23:19.968Z" },
    { url = "https://files.pythonhosted.org/packages/32/2d/9d3e5f6627e4cb5e511803788be1feee2f0c3b94594591e92b81db324253/zstandard-0.24.0-cp314-cp314-macosx_11_0_arm64.whl", hash = "sha256:e05d66239d14a04b4717998b736a25494372b1b2409339b04bf42aa4663bf251", size = 640475, upload-time = "2025-08-17T18:23:21.5Z" },
    { url = "https://files.pythonhosted.org/packages/be/5d/48e66abf8c146d95330e5385633a8cfdd556fa8bd14856fe721590cbab2b/zstandard-0.24.0-cp314-cp314-manylinux2010_i686.manylinux2014_i686.manylinux_2_12_i686.manylinux_2_17_i686.whl", hash = "sha256:622e1e04bd8a085994e02313ba06fbcf4f9ed9a488c6a77a8dbc0692abab6a38", size = 5343866, upload-time = "2025-08-17T18:23:23.351Z" },
    { url = "https://files.pythonhosted.org/packages/95/6c/65fe7ba71220a551e082e4a52790487f1d6bb8dfc2156883e088f975ad6d/zstandard-0.24.0-cp314-cp314-manylinux2014_aarch64.manylinux_2_17_aarch64.whl", hash = "sha256:55872e818598319f065e8192ebefecd6ac05f62a43f055ed71884b0a26218f41", size = 5062719, upload-time = "2025-08-17T18:23:25.192Z" },
    { url = "https://files.pythonhosted.org/packages/cb/68/15ed0a813ff91be80cc2a610ac42e0fc8d29daa737de247bbf4bab9429a1/zstandard-0.24.0-cp314-cp314-manylinux2014_ppc64le.manylinux_2_17_ppc64le.whl", hash = "sha256:bb2446a55b3a0fd8aa02aa7194bd64740015464a2daaf160d2025204e1d7c282", size = 5393090, upload-time = "2025-08-17T18:23:27.145Z" },
    { url = "https://files.pythonhosted.org/packages/d4/89/e560427b74fa2da6a12b8f3af8ee29104fe2bb069a25e7d314c35eec7732/zstandard-0.24.0-cp314-cp314-manylinux2014_s390x.manylinux_2_17_s390x.whl", hash = "sha256:2825a3951f945fb2613ded0f517d402b1e5a68e87e0ee65f5bd224a8333a9a46", size = 5450383, upload-time = "2025-08-17T18:23:29.044Z" },
    { url = "https://files.pythonhosted.org/packages/a3/95/0498328cbb1693885509f2fc145402b108b750a87a3af65b7250b10bd896/zstandard-0.24.0-cp314-cp314-manylinux2014_x86_64.manylinux_2_17_x86_64.whl", hash = "sha256:09887301001e7a81a3618156bc1759e48588de24bddfdd5b7a4364da9a8fbc20", size = 5546142, upload-time = "2025-08-17T18:23:31.281Z" },
    { url = "https://files.pythonhosted.org/packages/8a/8a/64aa15a726594df3bf5d8decfec14fe20cd788c60890f44fcfc74d98c2cc/zstandard-0.24.0-cp314-cp314-musllinux_1_2_aarch64.whl", hash = "sha256:98ca91dc9602cf351497d5600aa66e6d011a38c085a8237b370433fcb53e3409", size = 4953456, upload-time = "2025-08-17T18:23:33.234Z" },
    { url = "https://files.pythonhosted.org/packages/b0/b6/e94879c5cd6017af57bcba08519ed1228b1ebb15681efd949f4a00199449/zstandard-0.24.0-cp314-cp314-musllinux_1_2_i686.whl", hash = "sha256:e69f8e534b4e254f523e2f9d4732cf9c169c327ca1ce0922682aac9a5ee01155", size = 5268287, upload-time = "2025-08-17T18:23:35.145Z" },
    { url = "https://files.pythonhosted.org/packages/fd/e5/1a3b3a93f953dbe9e77e2a19be146e9cd2af31b67b1419d6cc8e8898d409/zstandard-0.24.0-cp314-cp314-musllinux_1_2_ppc64le.whl", hash = "sha256:444633b487a711e34f4bccc46a0c5dfbe1aee82c1a511e58cdc16f6bd66f187c", size = 5433197, upload-time = "2025-08-17T18:23:36.969Z" },
    { url = "https://files.pythonhosted.org/packages/39/83/b6eb1e1181de994b29804e1e0d2dc677bece4177f588c71653093cb4f6d5/zstandard-0.24.0-cp314-cp314-musllinux_1_2_s390x.whl", hash = "sha256:f7d3fe9e1483171e9183ffdb1fab07c5fef80a9c3840374a38ec2ab869ebae20", size = 5813161, upload-time = "2025-08-17T18:23:38.812Z" },
    { url = "https://files.pythonhosted.org/packages/f6/d3/2fb4166561591e9d75e8e35c79182aa9456644e2f4536f29e51216d1c513/zstandard-0.24.0-cp314-cp314-musllinux_1_2_x86_64.whl", hash = "sha256:27b6fa72b57824a3f7901fc9cc4ce1c1c834b28f3a43d1d4254c64c8f11149d4", size = 5359831, upload-time = "2025-08-17T18:23:41.162Z" },
    { url = "https://files.pythonhosted.org/packages/11/94/6a9227315b774f64a67445f62152c69b4e5e49a52a3c7c4dad8520a55e20/zstandard-0.24.0-cp314-cp314-win32.whl", hash = "sha256:fdc7a52a4cdaf7293e10813fd6a3abc0c7753660db12a3b864ab1fb5a0c60c16", size = 444448, upload-time = "2025-08-17T18:23:45.151Z" },
    { url = "https://files.pythonhosted.org/packages/fc/de/67acaba311013e0798cb96d1a2685cb6edcdfc1cae378b297ea7b02c319f/zstandard-0.24.0-cp314-cp314-win_amd64.whl", hash = "sha256:656ed895b28c7e42dd5b40dfcea3217cfc166b6b7eef88c3da2f5fc62484035b", size = 516075, upload-time = "2025-08-17T18:23:42.8Z" },
    { url = "https://files.pythonhosted.org/packages/10/ae/45fd8921263cea0228b20aa31bce47cc66016b2aba1afae1c6adcc3dbb1f/zstandard-0.24.0-cp314-cp314-win_arm64.whl", hash = "sha256:0101f835da7de08375f380192ff75135527e46e3f79bef224e3c49cb640fef6a", size = 476847, upload-time = "2025-08-17T18:23:43.892Z" },
]
